// !$*UTF8*$!
{
	archiveVersion = 1;
	classes = {
	};
	objectVersion = 50;
	objects = {

/* Begin PBXBuildFile section */
		2A075AC82386203000F15A9B /* Media.xcassets in Resources */ = {isa = PBXBuildFile; fileRef = 2A075AC72386203000F15A9B /* Media.xcassets */; };
		2AA3129A23860724006428A2 /* AppDelegate.swift in Sources */ = {isa = PBXBuildFile; fileRef = 2AA3129923860724006428A2 /* AppDelegate.swift */; };
		2AA3129C23860724006428A2 /* SceneDelegate.swift in Sources */ = {isa = PBXBuildFile; fileRef = 2AA3129B23860724006428A2 /* SceneDelegate.swift */; };
		2AA3129E23860724006428A2 /* VerificationPageDRAFT.swift in Sources */ = {isa = PBXBuildFile; fileRef = 2AA3129D23860724006428A2 /* VerificationPageDRAFT.swift */; };
		2AA312A023860726006428A2 /* Assets.xcassets in Resources */ = {isa = PBXBuildFile; fileRef = 2AA3129F23860726006428A2 /* Assets.xcassets */; };
		2AA312A323860726006428A2 /* Preview Assets.xcassets in Resources */ = {isa = PBXBuildFile; fileRef = 2AA312A223860726006428A2 /* Preview Assets.xcassets */; };
		2AA312A623860726006428A2 /* LaunchScreen.storyboard in Resources */ = {isa = PBXBuildFile; fileRef = 2AA312A423860726006428A2 /* LaunchScreen.storyboard */; };
		2AA312B123860726006428A2 /* Rhome_Application_v1Tests.swift in Sources */ = {isa = PBXBuildFile; fileRef = 2AA312B023860726006428A2 /* Rhome_Application_v1Tests.swift */; };
		2AA312BC23860726006428A2 /* Rhome_Application_v1UITests.swift in Sources */ = {isa = PBXBuildFile; fileRef = 2AA312BB23860726006428A2 /* Rhome_Application_v1UITests.swift */; };
		2ACE3D9F23861D0C00B04769 /* SwiftUIView.swift in Sources */ = {isa = PBXBuildFile; fileRef = 2ACE3D9E23861D0C00B04769 /* SwiftUIView.swift */; };
		2AFEF70A23861195002E6FC8 /* ContentView.swift in Sources */ = {isa = PBXBuildFile; fileRef = 2AFEF70923861195002E6FC8 /* ContentView.swift */; };
		710B6079238616C40061A77E /* Test 2.swift in Sources */ = {isa = PBXBuildFile; fileRef = 710B6078238616C40061A77E /* Test 2.swift */; };
		71E3D767238619550037873B /* Test 3.swift in Sources */ = {isa = PBXBuildFile; fileRef = 71E3D766238619550037873B /* Test 3.swift */; };
/* End PBXBuildFile section */

/* Begin PBXContainerItemProxy section */
		2AA312AD23860726006428A2 /* PBXContainerItemProxy */ = {
			isa = PBXContainerItemProxy;
			containerPortal = 2AA3128E23860724006428A2 /* Project object */;
			proxyType = 1;
			remoteGlobalIDString = 2AA3129523860724006428A2;
			remoteInfo = "Rhome Application v1";
		};
		2AA312B823860726006428A2 /* PBXContainerItemProxy */ = {
			isa = PBXContainerItemProxy;
			containerPortal = 2AA3128E23860724006428A2 /* Project object */;
			proxyType = 1;
			remoteGlobalIDString = 2AA3129523860724006428A2;
			remoteInfo = "Rhome Application v1";
		};
/* End PBXContainerItemProxy section */

/* Begin PBXFileReference section */
		2A075AC72386203000F15A9B /* Media.xcassets */ = {isa = PBXFileReference; lastKnownFileType = folder.assetcatalog; path = Media.xcassets; sourceTree = "<group>"; };
		2AA3129623860724006428A2 /* Rhome Application v1.app */ = {isa = PBXFileReference; explicitFileType = wrapper.application; includeInIndex = 0; path = "Rhome Application v1.app"; sourceTree = BUILT_PRODUCTS_DIR; };
		2AA3129923860724006428A2 /* AppDelegate.swift */ = {isa = PBXFileReference; lastKnownFileType = sourcecode.swift; path = AppDelegate.swift; sourceTree = "<group>"; };
		2AA3129B23860724006428A2 /* SceneDelegate.swift */ = {isa = PBXFileReference; lastKnownFileType = sourcecode.swift; path = SceneDelegate.swift; sourceTree = "<group>"; };
		2AA3129D23860724006428A2 /* VerificationPageDRAFT.swift */ = {isa = PBXFileReference; lastKnownFileType = sourcecode.swift; path = VerificationPageDRAFT.swift; sourceTree = "<group>"; };
		2AA3129F23860726006428A2 /* Assets.xcassets */ = {isa = PBXFileReference; lastKnownFileType = folder.assetcatalog; path = Assets.xcassets; sourceTree = "<group>"; };
		2AA312A223860726006428A2 /* Preview Assets.xcassets */ = {isa = PBXFileReference; lastKnownFileType = folder.assetcatalog; path = "Preview Assets.xcassets"; sourceTree = "<group>"; };
		2AA312A523860726006428A2 /* Base */ = {isa = PBXFileReference; lastKnownFileType = file.storyboard; name = Base; path = Base.lproj/LaunchScreen.storyboard; sourceTree = "<group>"; };
		2AA312A723860726006428A2 /* Info.plist */ = {isa = PBXFileReference; lastKnownFileType = text.plist.xml; path = Info.plist; sourceTree = "<group>"; };
		2AA312AC23860726006428A2 /* Rhome Application v1Tests.xctest */ = {isa = PBXFileReference; explicitFileType = wrapper.cfbundle; includeInIndex = 0; path = "Rhome Application v1Tests.xctest"; sourceTree = BUILT_PRODUCTS_DIR; };
		2AA312B023860726006428A2 /* Rhome_Application_v1Tests.swift */ = {isa = PBXFileReference; lastKnownFileType = sourcecode.swift; path = Rhome_Application_v1Tests.swift; sourceTree = "<group>"; };
		2AA312B223860726006428A2 /* Info.plist */ = {isa = PBXFileReference; lastKnownFileType = text.plist.xml; path = Info.plist; sourceTree = "<group>"; };
		2AA312B723860726006428A2 /* Rhome Application v1UITests.xctest */ = {isa = PBXFileReference; explicitFileType = wrapper.cfbundle; includeInIndex = 0; path = "Rhome Application v1UITests.xctest"; sourceTree = BUILT_PRODUCTS_DIR; };
		2AA312BB23860726006428A2 /* Rhome_Application_v1UITests.swift */ = {isa = PBXFileReference; lastKnownFileType = sourcecode.swift; path = Rhome_Application_v1UITests.swift; sourceTree = "<group>"; };
		2AA312BD23860726006428A2 /* Info.plist */ = {isa = PBXFileReference; lastKnownFileType = text.plist.xml; path = Info.plist; sourceTree = "<group>"; };
		2ACE3D9E23861D0C00B04769 /* SwiftUIView.swift */ = {isa = PBXFileReference; lastKnownFileType = sourcecode.swift; path = SwiftUIView.swift; sourceTree = "<group>"; };
		2AFEF70923861195002E6FC8 /* ContentView.swift */ = {isa = PBXFileReference; lastKnownFileType = sourcecode.swift; path = ContentView.swift; sourceTree = "<group>"; };
		710B6078238616C40061A77E /* Test 2.swift */ = {isa = PBXFileReference; lastKnownFileType = sourcecode.swift; path = "Test 2.swift"; sourceTree = "<group>"; };
		71E3D766238619550037873B /* Test 3.swift */ = {isa = PBXFileReference; lastKnownFileType = sourcecode.swift; path = "Test 3.swift"; sourceTree = "<group>"; };
/* End PBXFileReference section */

/* Begin PBXFrameworksBuildPhase section */
		2AA3129323860724006428A2 /* Frameworks */ = {
			isa = PBXFrameworksBuildPhase;
			buildActionMask = 2147483647;
			files = (
			);
			runOnlyForDeploymentPostprocessing = 0;
		};
		2AA312A923860726006428A2 /* Frameworks */ = {
			isa = PBXFrameworksBuildPhase;
			buildActionMask = 2147483647;
			files = (
			);
			runOnlyForDeploymentPostprocessing = 0;
		};
		2AA312B423860726006428A2 /* Frameworks */ = {
			isa = PBXFrameworksBuildPhase;
			buildActionMask = 2147483647;
			files = (
			);
			runOnlyForDeploymentPostprocessing = 0;
		};
/* End PBXFrameworksBuildPhase section */

/* Begin PBXGroup section */
		2A075AC92386253500F15A9B /* Group 1 */ = {
			isa = PBXGroup;
			children = (
			);
			path = "Group 1";
			sourceTree = "<group>";
		};
		2AA3128D23860724006428A2 = {
			isa = PBXGroup;
			children = (
				2AA3129823860724006428A2 /* Rhome Application v1 */,
				2AA312AF23860726006428A2 /* Rhome Application v1Tests */,
				2AA312BA23860726006428A2 /* Rhome Application v1UITests */,
				2AA3129723860724006428A2 /* Products */,
			);
			sourceTree = "<group>";
		};
		2AA3129723860724006428A2 /* Products */ = {
			isa = PBXGroup;
			children = (
				2AA3129623860724006428A2 /* Rhome Application v1.app */,
				2AA312AC23860726006428A2 /* Rhome Application v1Tests.xctest */,
				2AA312B723860726006428A2 /* Rhome Application v1UITests.xctest */,
			);
			name = Products;
			sourceTree = "<group>";
		};
		2AA3129823860724006428A2 /* Rhome Application v1 */ = {
			isa = PBXGroup;
			children = (
				2AA3129923860724006428A2 /* AppDelegate.swift */,
				2AA3129B23860724006428A2 /* SceneDelegate.swift */,
				2AA3129D23860724006428A2 /* VerificationPageDRAFT.swift */,
				2AFEF70923861195002E6FC8 /* ContentView.swift */,
				2A075AC92386253500F15A9B /* Group 1 */,
				2ACE3D9D23861CF200B04769 /* Group 2 */,
				710B6077238616AB0061A77E /* Group 3 */,
				2AA3129F23860726006428A2 /* Assets.xcassets */,
				2AA312A423860726006428A2 /* LaunchScreen.storyboard */,
				2AA312A723860726006428A2 /* Info.plist */,
				2AA312A123860726006428A2 /* Preview Content */,
			);
			path = "Rhome Application v1";
			sourceTree = "<group>";
		};
		2AA312A123860726006428A2 /* Preview Content */ = {
			isa = PBXGroup;
			children = (
				2AA312A223860726006428A2 /* Preview Assets.xcassets */,
			);
			path = "Preview Content";
			sourceTree = "<group>";
		};
		2AA312AF23860726006428A2 /* Rhome Application v1Tests */ = {
			isa = PBXGroup;
			children = (
				2AA312B023860726006428A2 /* Rhome_Application_v1Tests.swift */,
				2AA312B223860726006428A2 /* Info.plist */,
			);
			path = "Rhome Application v1Tests";
			sourceTree = "<group>";
		};
		2AA312BA23860726006428A2 /* Rhome Application v1UITests */ = {
			isa = PBXGroup;
			children = (
				2AA312BB23860726006428A2 /* Rhome_Application_v1UITests.swift */,
				2AA312BD23860726006428A2 /* Info.plist */,
			);
			path = "Rhome Application v1UITests";
			sourceTree = "<group>";
		};
		2ACE3D9D23861CF200B04769 /* Group 2 */ = {
			isa = PBXGroup;
			children = (
				2ACE3D9E23861D0C00B04769 /* SwiftUIView.swift */,
			);
			path = "Group 2";
			sourceTree = "<group>";
		};
		710B6077238616AB0061A77E /* Group 3 */ = {
			isa = PBXGroup;
			children = (
				710B6078238616C40061A77E /* Test 2.swift */,
				71E3D766238619550037873B /* Test 3.swift */,
				2A075AC72386203000F15A9B /* Media.xcassets */,
			);
			path = "Group 3";
			sourceTree = "<group>";
		};
/* End PBXGroup section */

/* Begin PBXNativeTarget section */
		2AA3129523860724006428A2 /* Rhome Application v1 */ = {
			isa = PBXNativeTarget;
			buildConfigurationList = 2AA312C023860726006428A2 /* Build configuration list for PBXNativeTarget "Rhome Application v1" */;
			buildPhases = (
				2AA3129223860724006428A2 /* Sources */,
				2AA3129323860724006428A2 /* Frameworks */,
				2AA3129423860724006428A2 /* Resources */,
			);
			buildRules = (
			);
			dependencies = (
			);
			name = "Rhome Application v1";
			productName = "Rhome Application v1";
			productReference = 2AA3129623860724006428A2 /* Rhome Application v1.app */;
			productType = "com.apple.product-type.application";
		};
		2AA312AB23860726006428A2 /* Rhome Application v1Tests */ = {
			isa = PBXNativeTarget;
			buildConfigurationList = 2AA312C323860726006428A2 /* Build configuration list for PBXNativeTarget "Rhome Application v1Tests" */;
			buildPhases = (
				2AA312A823860726006428A2 /* Sources */,
				2AA312A923860726006428A2 /* Frameworks */,
				2AA312AA23860726006428A2 /* Resources */,
			);
			buildRules = (
			);
			dependencies = (
				2AA312AE23860726006428A2 /* PBXTargetDependency */,
			);
			name = "Rhome Application v1Tests";
			productName = "Rhome Application v1Tests";
			productReference = 2AA312AC23860726006428A2 /* Rhome Application v1Tests.xctest */;
			productType = "com.apple.product-type.bundle.unit-test";
		};
		2AA312B623860726006428A2 /* Rhome Application v1UITests */ = {
			isa = PBXNativeTarget;
			buildConfigurationList = 2AA312C623860726006428A2 /* Build configuration list for PBXNativeTarget "Rhome Application v1UITests" */;
			buildPhases = (
				2AA312B323860726006428A2 /* Sources */,
				2AA312B423860726006428A2 /* Frameworks */,
				2AA312B523860726006428A2 /* Resources */,
			);
			buildRules = (
			);
			dependencies = (
				2AA312B923860726006428A2 /* PBXTargetDependency */,
			);
			name = "Rhome Application v1UITests";
			productName = "Rhome Application v1UITests";
			productReference = 2AA312B723860726006428A2 /* Rhome Application v1UITests.xctest */;
			productType = "com.apple.product-type.bundle.ui-testing";
		};
/* End PBXNativeTarget section */

/* Begin PBXProject section */
		2AA3128E23860724006428A2 /* Project object */ = {
			isa = PBXProject;
			attributes = {
				LastSwiftUpdateCheck = 1120;
				LastUpgradeCheck = 1120;
				ORGANIZATIONNAME = "Chase Brown";
				TargetAttributes = {
					2AA3129523860724006428A2 = {
						CreatedOnToolsVersion = 11.2;
					};
					2AA312AB23860726006428A2 = {
						CreatedOnToolsVersion = 11.2;
						TestTargetID = 2AA3129523860724006428A2;
					};
					2AA312B623860726006428A2 = {
						CreatedOnToolsVersion = 11.2;
						TestTargetID = 2AA3129523860724006428A2;
					};
				};
			};
			buildConfigurationList = 2AA3129123860724006428A2 /* Build configuration list for PBXProject "Rhome Application v1" */;
			compatibilityVersion = "Xcode 9.3";
			developmentRegion = en;
			hasScannedForEncodings = 0;
			knownRegions = (
				en,
				Base,
			);
			mainGroup = 2AA3128D23860724006428A2;
			productRefGroup = 2AA3129723860724006428A2 /* Products */;
			projectDirPath = "";
			projectRoot = "";
			targets = (
				2AA3129523860724006428A2 /* Rhome Application v1 */,
				2AA312AB23860726006428A2 /* Rhome Application v1Tests */,
				2AA312B623860726006428A2 /* Rhome Application v1UITests */,
			);
		};
/* End PBXProject section */

/* Begin PBXResourcesBuildPhase section */
		2AA3129423860724006428A2 /* Resources */ = {
			isa = PBXResourcesBuildPhase;
			buildActionMask = 2147483647;
			files = (
				2AA312A623860726006428A2 /* LaunchScreen.storyboard in Resources */,
				2AA312A323860726006428A2 /* Preview Assets.xcassets in Resources */,
				2A075AC82386203000F15A9B /* Media.xcassets in Resources */,
				2AA312A023860726006428A2 /* Assets.xcassets in Resources */,
			);
			runOnlyForDeploymentPostprocessing = 0;
		};
		2AA312AA23860726006428A2 /* Resources */ = {
			isa = PBXResourcesBuildPhase;
			buildActionMask = 2147483647;
			files = (
			);
			runOnlyForDeploymentPostprocessing = 0;
		};
		2AA312B523860726006428A2 /* Resources */ = {
			isa = PBXResourcesBuildPhase;
			buildActionMask = 2147483647;
			files = (
			);
			runOnlyForDeploymentPostprocessing = 0;
		};
/* End PBXResourcesBuildPhase section */

/* Begin PBXSourcesBuildPhase section */
		2AA3129223860724006428A2 /* Sources */ = {
			isa = PBXSourcesBuildPhase;
			buildActionMask = 2147483647;
			files = (
				71E3D767238619550037873B /* Test 3.swift in Sources */,
				2ACE3D9F23861D0C00B04769 /* SwiftUIView.swift in Sources */,
				2AA3129A23860724006428A2 /* AppDelegate.swift in Sources */,
				2AA3129C23860724006428A2 /* SceneDelegate.swift in Sources */,
				2AFEF70A23861195002E6FC8 /* ContentView.swift in Sources */,
				2AA3129E23860724006428A2 /* VerificationPageDRAFT.swift in Sources */,
				710B6079238616C40061A77E /* Test 2.swift in Sources */,
			);
			runOnlyForDeploymentPostprocessing = 0;
		};
		2AA312A823860726006428A2 /* Sources */ = {
			isa = PBXSourcesBuildPhase;
			buildActionMask = 2147483647;
			files = (
				2AA312B123860726006428A2 /* Rhome_Application_v1Tests.swift in Sources */,
			);
			runOnlyForDeploymentPostprocessing = 0;
		};
		2AA312B323860726006428A2 /* Sources */ = {
			isa = PBXSourcesBuildPhase;
			buildActionMask = 2147483647;
			files = (
				2AA312BC23860726006428A2 /* Rhome_Application_v1UITests.swift in Sources */,
			);
			runOnlyForDeploymentPostprocessing = 0;
		};
/* End PBXSourcesBuildPhase section */

/* Begin PBXTargetDependency section */
		2AA312AE23860726006428A2 /* PBXTargetDependency */ = {
			isa = PBXTargetDependency;
			target = 2AA3129523860724006428A2 /* Rhome Application v1 */;
			targetProxy = 2AA312AD23860726006428A2 /* PBXContainerItemProxy */;
		};
		2AA312B923860726006428A2 /* PBXTargetDependency */ = {
			isa = PBXTargetDependency;
			target = 2AA3129523860724006428A2 /* Rhome Application v1 */;
			targetProxy = 2AA312B823860726006428A2 /* PBXContainerItemProxy */;
		};
/* End PBXTargetDependency section */

/* Begin PBXVariantGroup section */
		2AA312A423860726006428A2 /* LaunchScreen.storyboard */ = {
			isa = PBXVariantGroup;
			children = (
				2AA312A523860726006428A2 /* Base */,
			);
			name = LaunchScreen.storyboard;
			sourceTree = "<group>";
		};
/* End PBXVariantGroup section */

/* Begin XCBuildConfiguration section */
		2AA312BE23860726006428A2 /* Debug */ = {
			isa = XCBuildConfiguration;
			buildSettings = {
				ALWAYS_SEARCH_USER_PATHS = NO;
				CLANG_ANALYZER_NONNULL = YES;
				CLANG_ANALYZER_NUMBER_OBJECT_CONVERSION = YES_AGGRESSIVE;
				CLANG_CXX_LANGUAGE_STANDARD = "gnu++14";
				CLANG_CXX_LIBRARY = "libc++";
				CLANG_ENABLE_MODULES = YES;
				CLANG_ENABLE_OBJC_ARC = YES;
				CLANG_ENABLE_OBJC_WEAK = YES;
				CLANG_WARN_BLOCK_CAPTURE_AUTORELEASING = YES;
				CLANG_WARN_BOOL_CONVERSION = YES;
				CLANG_WARN_COMMA = YES;
				CLANG_WARN_CONSTANT_CONVERSION = YES;
				CLANG_WARN_DEPRECATED_OBJC_IMPLEMENTATIONS = YES;
				CLANG_WARN_DIRECT_OBJC_ISA_USAGE = YES_ERROR;
				CLANG_WARN_DOCUMENTATION_COMMENTS = YES;
				CLANG_WARN_EMPTY_BODY = YES;
				CLANG_WARN_ENUM_CONVERSION = YES;
				CLANG_WARN_INFINITE_RECURSION = YES;
				CLANG_WARN_INT_CONVERSION = YES;
				CLANG_WARN_NON_LITERAL_NULL_CONVERSION = YES;
				CLANG_WARN_OBJC_IMPLICIT_RETAIN_SELF = YES;
				CLANG_WARN_OBJC_LITERAL_CONVERSION = YES;
				CLANG_WARN_OBJC_ROOT_CLASS = YES_ERROR;
				CLANG_WARN_RANGE_LOOP_ANALYSIS = YES;
				CLANG_WARN_STRICT_PROTOTYPES = YES;
				CLANG_WARN_SUSPICIOUS_MOVE = YES;
				CLANG_WARN_UNGUARDED_AVAILABILITY = YES_AGGRESSIVE;
				CLANG_WARN_UNREACHABLE_CODE = YES;
				CLANG_WARN__DUPLICATE_METHOD_MATCH = YES;
				COPY_PHASE_STRIP = NO;
				DEBUG_INFORMATION_FORMAT = dwarf;
				ENABLE_STRICT_OBJC_MSGSEND = YES;
				ENABLE_TESTABILITY = YES;
				GCC_C_LANGUAGE_STANDARD = gnu11;
				GCC_DYNAMIC_NO_PIC = NO;
				GCC_NO_COMMON_BLOCKS = YES;
				GCC_OPTIMIZATION_LEVEL = 0;
				GCC_PREPROCESSOR_DEFINITIONS = (
					"DEBUG=1",
					"$(inherited)",
				);
				GCC_WARN_64_TO_32_BIT_CONVERSION = YES;
				GCC_WARN_ABOUT_RETURN_TYPE = YES_ERROR;
				GCC_WARN_UNDECLARED_SELECTOR = YES;
				GCC_WARN_UNINITIALIZED_AUTOS = YES_AGGRESSIVE;
				GCC_WARN_UNUSED_FUNCTION = YES;
				GCC_WARN_UNUSED_VARIABLE = YES;
				IPHONEOS_DEPLOYMENT_TARGET = 13.2;
				MTL_ENABLE_DEBUG_INFO = INCLUDE_SOURCE;
				MTL_FAST_MATH = YES;
				ONLY_ACTIVE_ARCH = YES;
				SDKROOT = iphoneos;
				SWIFT_ACTIVE_COMPILATION_CONDITIONS = DEBUG;
				SWIFT_OPTIMIZATION_LEVEL = "-Onone";
			};
			name = Debug;
		};
		2AA312BF23860726006428A2 /* Release */ = {
			isa = XCBuildConfiguration;
			buildSettings = {
				ALWAYS_SEARCH_USER_PATHS = NO;
				CLANG_ANALYZER_NONNULL = YES;
				CLANG_ANALYZER_NUMBER_OBJECT_CONVERSION = YES_AGGRESSIVE;
				CLANG_CXX_LANGUAGE_STANDARD = "gnu++14";
				CLANG_CXX_LIBRARY = "libc++";
				CLANG_ENABLE_MODULES = YES;
				CLANG_ENABLE_OBJC_ARC = YES;
				CLANG_ENABLE_OBJC_WEAK = YES;
				CLANG_WARN_BLOCK_CAPTURE_AUTORELEASING = YES;
				CLANG_WARN_BOOL_CONVERSION = YES;
				CLANG_WARN_COMMA = YES;
				CLANG_WARN_CONSTANT_CONVERSION = YES;
				CLANG_WARN_DEPRECATED_OBJC_IMPLEMENTATIONS = YES;
				CLANG_WARN_DIRECT_OBJC_ISA_USAGE = YES_ERROR;
				CLANG_WARN_DOCUMENTATION_COMMENTS = YES;
				CLANG_WARN_EMPTY_BODY = YES;
				CLANG_WARN_ENUM_CONVERSION = YES;
				CLANG_WARN_INFINITE_RECURSION = YES;
				CLANG_WARN_INT_CONVERSION = YES;
				CLANG_WARN_NON_LITERAL_NULL_CONVERSION = YES;
				CLANG_WARN_OBJC_IMPLICIT_RETAIN_SELF = YES;
				CLANG_WARN_OBJC_LITERAL_CONVERSION = YES;
				CLANG_WARN_OBJC_ROOT_CLASS = YES_ERROR;
				CLANG_WARN_RANGE_LOOP_ANALYSIS = YES;
				CLANG_WARN_STRICT_PROTOTYPES = YES;
				CLANG_WARN_SUSPICIOUS_MOVE = YES;
				CLANG_WARN_UNGUARDED_AVAILABILITY = YES_AGGRESSIVE;
				CLANG_WARN_UNREACHABLE_CODE = YES;
				CLANG_WARN__DUPLICATE_METHOD_MATCH = YES;
				COPY_PHASE_STRIP = NO;
				DEBUG_INFORMATION_FORMAT = "dwarf-with-dsym";
				ENABLE_NS_ASSERTIONS = NO;
				ENABLE_STRICT_OBJC_MSGSEND = YES;
				GCC_C_LANGUAGE_STANDARD = gnu11;
				GCC_NO_COMMON_BLOCKS = YES;
				GCC_WARN_64_TO_32_BIT_CONVERSION = YES;
				GCC_WARN_ABOUT_RETURN_TYPE = YES_ERROR;
				GCC_WARN_UNDECLARED_SELECTOR = YES;
				GCC_WARN_UNINITIALIZED_AUTOS = YES_AGGRESSIVE;
				GCC_WARN_UNUSED_FUNCTION = YES;
				GCC_WARN_UNUSED_VARIABLE = YES;
				IPHONEOS_DEPLOYMENT_TARGET = 13.2;
				MTL_ENABLE_DEBUG_INFO = NO;
				MTL_FAST_MATH = YES;
				SDKROOT = iphoneos;
				SWIFT_COMPILATION_MODE = wholemodule;
				SWIFT_OPTIMIZATION_LEVEL = "-O";
				VALIDATE_PRODUCT = YES;
			};
			name = Release;
		};
		2AA312C123860726006428A2 /* Debug */ = {
			isa = XCBuildConfiguration;
			buildSettings = {
				ASSETCATALOG_COMPILER_APPICON_NAME = AppIcon;
				CODE_SIGN_STYLE = Automatic;
				DEVELOPMENT_ASSET_PATHS = "\"Rhome Application v1/Preview Content\"";
				DEVELOPMENT_TEAM = KQNNV682BJ;
				ENABLE_PREVIEWS = YES;
				INFOPLIST_FILE = "Rhome Application v1/Info.plist";
				LD_RUNPATH_SEARCH_PATHS = (
					"$(inherited)",
					"@executable_path/Frameworks",
				);
				PRODUCT_BUNDLE_IDENTIFIER = "Rhome-inc..Rhome-Application-v1";
				PRODUCT_NAME = "$(TARGET_NAME)";
				SWIFT_VERSION = 5.0;
				TARGETED_DEVICE_FAMILY = "1,2";
			};
			name = Debug;
		};
		2AA312C223860726006428A2 /* Release */ = {
			isa = XCBuildConfiguration;
			buildSettings = {
				ASSETCATALOG_COMPILER_APPICON_NAME = AppIcon;
				CODE_SIGN_STYLE = Automatic;
				DEVELOPMENT_ASSET_PATHS = "\"Rhome Application v1/Preview Content\"";
				DEVELOPMENT_TEAM = KQNNV682BJ;
				ENABLE_PREVIEWS = YES;
				INFOPLIST_FILE = "Rhome Application v1/Info.plist";
				LD_RUNPATH_SEARCH_PATHS = (
					"$(inherited)",
					"@executable_path/Frameworks",
				);
				PRODUCT_BUNDLE_IDENTIFIER = "Rhome-inc..Rhome-Application-v1";
				PRODUCT_NAME = "$(TARGET_NAME)";
				SWIFT_VERSION = 5.0;
				TARGETED_DEVICE_FAMILY = "1,2";
			};
			name = Release;
		};
		2AA312C423860726006428A2 /* Debug */ = {
			isa = XCBuildConfiguration;
			buildSettings = {
				ALWAYS_EMBED_SWIFT_STANDARD_LIBRARIES = YES;
				BUNDLE_LOADER = "$(TEST_HOST)";
				CODE_SIGN_STYLE = Automatic;
				DEVELOPMENT_TEAM = KQNNV682BJ;
				INFOPLIST_FILE = "Rhome Application v1Tests/Info.plist";
				IPHONEOS_DEPLOYMENT_TARGET = 13.2;
				LD_RUNPATH_SEARCH_PATHS = (
					"$(inherited)",
					"@executable_path/Frameworks",
					"@loader_path/Frameworks",
				);
				PRODUCT_BUNDLE_IDENTIFIER = "Rhome-inc..Rhome-Application-v1Tests";
				PRODUCT_NAME = "$(TARGET_NAME)";
				SWIFT_VERSION = 5.0;
				TARGETED_DEVICE_FAMILY = "1,2";
				TEST_HOST = "$(BUILT_PRODUCTS_DIR)/Rhome Application v1.app/Rhome Application v1";
			};
			name = Debug;
		};
		2AA312C523860726006428A2 /* Release */ = {
			isa = XCBuildConfiguration;
			buildSettings = {
				ALWAYS_EMBED_SWIFT_STANDARD_LIBRARIES = YES;
				BUNDLE_LOADER = "$(TEST_HOST)";
				CODE_SIGN_STYLE = Automatic;
				DEVELOPMENT_TEAM = KQNNV682BJ;
				INFOPLIST_FILE = "Rhome Application v1Tests/Info.plist";
				IPHONEOS_DEPLOYMENT_TARGET = 13.2;
				LD_RUNPATH_SEARCH_PATHS = (
					"$(inherited)",
					"@executable_path/Frameworks",
					"@loader_path/Frameworks",
				);
				PRODUCT_BUNDLE_IDENTIFIER = "Rhome-inc..Rhome-Application-v1Tests";
				PRODUCT_NAME = "$(TARGET_NAME)";
				SWIFT_VERSION = 5.0;
				TARGETED_DEVICE_FAMILY = "1,2";
				TEST_HOST = "$(BUILT_PRODUCTS_DIR)/Rhome Application v1.app/Rhome Application v1";
			};
			name = Release;
		};
		2AA312C723860726006428A2 /* Debug */ = {
			isa = XCBuildConfiguration;
			buildSettings = {
				ALWAYS_EMBED_SWIFT_STANDARD_LIBRARIES = YES;
				CODE_SIGN_STYLE = Automatic;
				DEVELOPMENT_TEAM = KQNNV682BJ;
				INFOPLIST_FILE = "Rhome Application v1UITests/Info.plist";
				LD_RUNPATH_SEARCH_PATHS = (
					"$(inherited)",
					"@executable_path/Frameworks",
					"@loader_path/Frameworks",
				);
				PRODUCT_BUNDLE_IDENTIFIER = "Rhome-inc..Rhome-Application-v1UITests";
				PRODUCT_NAME = "$(TARGET_NAME)";
				SWIFT_VERSION = 5.0;
				TARGETED_DEVICE_FAMILY = "1,2";
				TEST_TARGET_NAME = "Rhome Application v1";
			};
			name = Debug;
		};
		2AA312C823860726006428A2 /* Release */ = {
			isa = XCBuildConfiguration;
			buildSettings = {
				ALWAYS_EMBED_SWIFT_STANDARD_LIBRARIES = YES;
				CODE_SIGN_STYLE = Automatic;
				DEVELOPMENT_TEAM = KQNNV682BJ;
				INFOPLIST_FILE = "Rhome Application v1UITests/Info.plist";
				LD_RUNPATH_SEARCH_PATHS = (
					"$(inherited)",
					"@executable_path/Frameworks",
					"@loader_path/Frameworks",
				);
				PRODUCT_BUNDLE_IDENTIFIER = "Rhome-inc..Rhome-Application-v1UITests";
				PRODUCT_NAME = "$(TARGET_NAME)";
				SWIFT_VERSION = 5.0;
				TARGETED_DEVICE_FAMILY = "1,2";
				TEST_TARGET_NAME = "Rhome Application v1";
			};
			name = Release;
		};
/* End XCBuildConfiguration section */

/* Begin XCConfigurationList section */
		2AA3129123860724006428A2 /* Build configuration list for PBXProject "Rhome Application v1" */ = {
			isa = XCConfigurationList;
			buildConfigurations = (
				2AA312BE23860726006428A2 /* Debug */,
				2AA312BF23860726006428A2 /* Release */,
			);
			defaultConfigurationIsVisible = 0;
			defaultConfigurationName = Release;
		};
		2AA312C023860726006428A2 /* Build configuration list for PBXNativeTarget "Rhome Application v1" */ = {
			isa = XCConfigurationList;
			buildConfigurations = (
				2AA312C123860726006428A2 /* Debug */,
				2AA312C223860726006428A2 /* Release */,
			);
			defaultConfigurationIsVisible = 0;
			defaultConfigurationName = Release;
		};
		2AA312C323860726006428A2 /* Build configuration list for PBXNativeTarget "Rhome Application v1Tests" */ = {
			isa = XCConfigurationList;
			buildConfigurations = (
				2AA312C423860726006428A2 /* Debug */,
				2AA312C523860726006428A2 /* Release */,
			);
			defaultConfigurationIsVisible = 0;
			defaultConfigurationName = Release;
		};
		2AA312C623860726006428A2 /* Build configuration list for PBXNativeTarget "Rhome Application v1UITests" */ = {
			isa = XCConfigurationList;
			buildConfigurations = (
				2AA312C723860726006428A2 /* Debug */,
				2AA312C823860726006428A2 /* Release */,
			);
			defaultConfigurationIsVisible = 0;
			defaultConfigurationName = Release;
		};
/* End XCConfigurationList section */
	};
	rootObject = 2AA3128E23860724006428A2 /* Project object */;
}
